
Microsoft Visual Studio Solution File, Format Version 12.00
# Visual Studio Version 16
VisualStudioVersion = 16.0.30907.101
MinimumVisualStudioVersion = 10.0.40219.1
Project("{9A19103F-16F7-4668-BE54-9A1E7A4F7556}") = "InventoryManagment.App", "InventoryManagment.App.csproj", "{21955411-403E-4C92-942A-B750013DB7FA}"
EndProject
Global
	GlobalSection(SolutionConfigurationPlatforms) = preSolution
		Debug|Any CPU = Debug|Any CPU
		Release|Any CPU = Release|Any CPU
	EndGlobalSection
	GlobalSection(ProjectConfigurationPlatforms) = postSolution
		{21955411-403E-4C92-942A-B750013DB7FA}.Debug|Any CPU.ActiveCfg = Debug|Any CPU
		{21955411-403E-4C92-942A-B750013DB7FA}.Debug|Any CPU.Build.0 = Debug|Any CPU
		{21955411-403E-4C92-942A-B750013DB7FA}.Release|Any CPU.ActiveCfg = Release|Any CPU
		{21955411-403E-4C92-942A-B750013DB7FA}.Release|Any CPU.Build.0 = Release|Any CPU
	EndGlobalSection
	GlobalSection(SolutionProperties) = preSolution
		HideSolutionNode = FALSE
	EndGlobalSection
	GlobalSection(ExtensibilityGlobals) = postSolution
		SolutionGuid = {FFBAE45D-EBEA-4554-BA84-2497B81D9331}
	EndGlobalSection
EndGlobal
